
Microsoft Visual Studio Solution File, Format Version 12.00
# Visual Studio 2012
Project("{FAE04EC0-301F-11D3-BF4B-00C04F79EFBC}") = "SignalRUIChange", "SignalRUIChange\SignalRUIChange.csproj", "{4A6AC49C-67B0-4614-8AC0-CAF156E4981D}"
EndProject
Global
	GlobalSection(SolutionConfigurationPlatforms) = preSolution
		Debug|Any CPU = Debug|Any CPU
		Release|Any CPU = Release|Any CPU
	EndGlobalSection
	GlobalSection(ProjectConfigurationPlatforms) = postSolution
		{4A6AC49C-67B0-4614-8AC0-CAF156E4981D}.Debug|Any CPU.ActiveCfg = Debug|Any CPU
		{4A6AC49C-67B0-4614-8AC0-CAF156E4981D}.Debug|Any CPU.Build.0 = Debug|Any CPU
		{4A6AC49C-67B0-4614-8AC0-CAF156E4981D}.Release|Any CPU.ActiveCfg = Release|Any CPU
		{4A6AC49C-67B0-4614-8AC0-CAF156E4981D}.Release|Any CPU.Build.0 = Release|Any CPU
	EndGlobalSection
	GlobalSection(SolutionProperties) = preSolution
		HideSolutionNode = FALSE
	EndGlobalSection
EndGlobal
