
Microsoft Visual Studio Solution File, Format Version 12.00
# Visual Studio 2013
VisualStudioVersion = 12.0.30723.0
MinimumVisualStudioVersion = 10.0.40219.1
Project("{2150E333-8FDC-42A3-9474-1A3956D46DE8}") = "HubApp1", "HubApp1", "{6E182777-4DFE-445D-BDDE-D4F80DED5B29}"
EndProject
Project("{D954291E-2A0B-460D-934E-DC6B0785DB48}") = "HubApp1.Shared", "HubApp1\HubApp1.Shared\HubApp1.Shared.shproj", "{C509A2CF-688D-442B-8FD0-A208B90A34BA}"
EndProject
Project("{FAE04EC0-301F-11D3-BF4B-00C04F79EFBC}") = "HubApp1.Windows", "HubApp1\HubApp1.Windows\HubApp1.Windows.csproj", "{6050EDFA-1855-46E5-9155-ABB45B7454BD}"
EndProject
Project("{FAE04EC0-301F-11D3-BF4B-00C04F79EFBC}") = "HubApp1.WindowsPhone", "HubApp1\HubApp1.WindowsPhone\HubApp1.WindowsPhone.csproj", "{E6763CF0-5FFA-4703-91ED-AB6B0C04454B}"
EndProject
Global
	GlobalSection(SharedMSBuildProjectFiles) = preSolution
		HubApp1\HubApp1.Shared\HubApp1.Shared.projitems*{6050edfa-1855-46e5-9155-abb45b7454bd}*SharedItemsImports = 4
		HubApp1\HubApp1.Shared\HubApp1.Shared.projitems*{c509a2cf-688d-442b-8fd0-a208b90a34ba}*SharedItemsImports = 13
		HubApp1\HubApp1.Shared\HubApp1.Shared.projitems*{e6763cf0-5ffa-4703-91ed-ab6b0c04454b}*SharedItemsImports = 4
	EndGlobalSection
	GlobalSection(SolutionConfigurationPlatforms) = preSolution
		Debug|Any CPU = Debug|Any CPU
		Debug|ARM = Debug|ARM
		Debug|x64 = Debug|x64
		Debug|x86 = Debug|x86
		Release|Any CPU = Release|Any CPU
		Release|ARM = Release|ARM
		Release|x64 = Release|x64
		Release|x86 = Release|x86
	EndGlobalSection
	GlobalSection(ProjectConfigurationPlatforms) = postSolution
		{6050EDFA-1855-46E5-9155-ABB45B7454BD}.Debug|Any CPU.ActiveCfg = Debug|Any CPU
		{6050EDFA-1855-46E5-9155-ABB45B7454BD}.Debug|Any CPU.Build.0 = Debug|Any CPU
		{6050EDFA-1855-46E5-9155-ABB45B7454BD}.Debug|Any CPU.Deploy.0 = Debug|Any CPU
		{6050EDFA-1855-46E5-9155-ABB45B7454BD}.Debug|ARM.ActiveCfg = Debug|ARM
		{6050EDFA-1855-46E5-9155-ABB45B7454BD}.Debug|ARM.Build.0 = Debug|ARM
		{6050EDFA-1855-46E5-9155-ABB45B7454BD}.Debug|ARM.Deploy.0 = Debug|ARM
		{6050EDFA-1855-46E5-9155-ABB45B7454BD}.Debug|x64.ActiveCfg = Debug|x64
		{6050EDFA-1855-46E5-9155-ABB45B7454BD}.Debug|x64.Build.0 = Debug|x64
		{6050EDFA-1855-46E5-9155-ABB45B7454BD}.Debug|x64.Deploy.0 = Debug|x64
		{6050EDFA-1855-46E5-9155-ABB45B7454BD}.Debug|x86.ActiveCfg = Debug|x86
		{6050EDFA-1855-46E5-9155-ABB45B7454BD}.Debug|x86.Build.0 = Debug|x86
		{6050EDFA-1855-46E5-9155-ABB45B7454BD}.Debug|x86.Deploy.0 = Debug|x86
		{6050EDFA-1855-46E5-9155-ABB45B7454BD}.Release|Any CPU.ActiveCfg = Release|Any CPU
		{6050EDFA-1855-46E5-9155-ABB45B7454BD}.Release|Any CPU.Build.0 = Release|Any CPU
		{6050EDFA-1855-46E5-9155-ABB45B7454BD}.Release|Any CPU.Deploy.0 = Release|Any CPU
		{6050EDFA-1855-46E5-9155-ABB45B7454BD}.Release|ARM.ActiveCfg = Release|ARM
		{6050EDFA-1855-46E5-9155-ABB45B7454BD}.Release|ARM.Build.0 = Release|ARM
		{6050EDFA-1855-46E5-9155-ABB45B7454BD}.Release|ARM.Deploy.0 = Release|ARM
		{6050EDFA-1855-46E5-9155-ABB45B7454BD}.Release|x64.ActiveCfg = Release|x64
		{6050EDFA-1855-46E5-9155-ABB45B7454BD}.Release|x64.Build.0 = Release|x64
		{6050EDFA-1855-46E5-9155-ABB45B7454BD}.Release|x64.Deploy.0 = Release|x64
		{6050EDFA-1855-46E5-9155-ABB45B7454BD}.Release|x86.ActiveCfg = Release|x86
		{6050EDFA-1855-46E5-9155-ABB45B7454BD}.Release|x86.Build.0 = Release|x86
		{6050EDFA-1855-46E5-9155-ABB45B7454BD}.Release|x86.Deploy.0 = Release|x86
		{E6763CF0-5FFA-4703-91ED-AB6B0C04454B}.Debug|Any CPU.ActiveCfg = Debug|Any CPU
		{E6763CF0-5FFA-4703-91ED-AB6B0C04454B}.Debug|Any CPU.Build.0 = Debug|Any CPU
		{E6763CF0-5FFA-4703-91ED-AB6B0C04454B}.Debug|Any CPU.Deploy.0 = Debug|Any CPU
		{E6763CF0-5FFA-4703-91ED-AB6B0C04454B}.Debug|ARM.ActiveCfg = Debug|ARM
		{E6763CF0-5FFA-4703-91ED-AB6B0C04454B}.Debug|ARM.Build.0 = Debug|ARM
		{E6763CF0-5FFA-4703-91ED-AB6B0C04454B}.Debug|ARM.Deploy.0 = Debug|ARM
		{E6763CF0-5FFA-4703-91ED-AB6B0C04454B}.Debug|x64.ActiveCfg = Debug|Any CPU
		{E6763CF0-5FFA-4703-91ED-AB6B0C04454B}.Debug|x86.ActiveCfg = Debug|x86
		{E6763CF0-5FFA-4703-91ED-AB6B0C04454B}.Debug|x86.Build.0 = Debug|x86
		{E6763CF0-5FFA-4703-91ED-AB6B0C04454B}.Debug|x86.Deploy.0 = Debug|x86
		{E6763CF0-5FFA-4703-91ED-AB6B0C04454B}.Release|Any CPU.ActiveCfg = Release|Any CPU
		{E6763CF0-5FFA-4703-91ED-AB6B0C04454B}.Release|Any CPU.Build.0 = Release|Any CPU
		{E6763CF0-5FFA-4703-91ED-AB6B0C04454B}.Release|Any CPU.Deploy.0 = Release|Any CPU
		{E6763CF0-5FFA-4703-91ED-AB6B0C04454B}.Release|ARM.ActiveCfg = Release|ARM
		{E6763CF0-5FFA-4703-91ED-AB6B0C04454B}.Release|ARM.Build.0 = Release|ARM
		{E6763CF0-5FFA-4703-91ED-AB6B0C04454B}.Release|ARM.Deploy.0 = Release|ARM
		{E6763CF0-5FFA-4703-91ED-AB6B0C04454B}.Release|x64.ActiveCfg = Release|Any CPU
		{E6763CF0-5FFA-4703-91ED-AB6B0C04454B}.Release|x86.ActiveCfg = Release|x86
		{E6763CF0-5FFA-4703-91ED-AB6B0C04454B}.Release|x86.Build.0 = Release|x86
		{E6763CF0-5FFA-4703-91ED-AB6B0C04454B}.Release|x86.Deploy.0 = Release|x86
	EndGlobalSection
	GlobalSection(SolutionProperties) = preSolution
		HideSolutionNode = FALSE
	EndGlobalSection
	GlobalSection(NestedProjects) = preSolution
		{C509A2CF-688D-442B-8FD0-A208B90A34BA} = {6E182777-4DFE-445D-BDDE-D4F80DED5B29}
		{6050EDFA-1855-46E5-9155-ABB45B7454BD} = {6E182777-4DFE-445D-BDDE-D4F80DED5B29}
		{E6763CF0-5FFA-4703-91ED-AB6B0C04454B} = {6E182777-4DFE-445D-BDDE-D4F80DED5B29}
	EndGlobalSection
EndGlobal
